<?xml version="1.0" encoding="utf-8"?>
<Project ToolsVersion="4.0" xmlns="http://schemas.microsoft.com/developer/msbuild/2003">
  <ItemGroup>
    <Filter Include="소스 파일">
      <UniqueIdentifier>{4FC737F1-C7A5-4376-A066-2A32D752A2FF}</UniqueIdentifier>
      <Extensions>cpp;c;cc;cxx;c++;cppm;ixx;def;odl;idl;hpj;bat;asm;asmx</Extensions>
    </Filter>
    <Filter Include="헤더 파일">
      <UniqueIdentifier>{93995380-89BD-4b04-88EB-625FBE52EBFB}</UniqueIdentifier>
      <Extensions>h;hh;hpp;hxx;h++;hm;inl;inc;ipp;xsd</Extensions>
    </Filter>
    <Filter Include="리소스 파일">
      <UniqueIdentifier>{67DA6AB6-F800-4c08-8B7A-83BB121AAD01}</UniqueIdentifier>
      <Extensions>rc;ico;cur;bmp;dlg;rc2;rct;bin;rgs;gif;jpg;jpeg;jpe;resx;tiff;tif;png;wav;mfcribbon-ms</Extensions>
    </Filter>
    <Filter Include="소스 파일\test">
      <UniqueIdentifier>{b01bc569-b7db-439e-847b-ff9ff5dd40fb}</UniqueIdentifier>
    </Filter>
    <Filter Include="소스 파일\c++">
      <UniqueIdentifier>{9a90460b-f4d4-4d15-901a-6c8d8920c3f1}</UniqueIdentifier>
    </Filter>
  </ItemGroup>
  <ItemGroup>
    <ClCompile Include="prqueue.c">
      <Filter>소스 파일</Filter>
    </ClCompile>
    <ClCompile Include="hashing.c">
      <Filter>소스 파일</Filter>
    </ClCompile>
    <ClCompile Include="bst.c">
      <Filter>소스 파일</Filter>
    </ClCompile>
    <ClCompile Include="avltr.c">
      <Filter>소스 파일</Filter>
    </ClCompile>
    <ClCompile Include="adjacency matrix.c">
      <Filter>소스 파일</Filter>
    </ClCompile>
    <ClCompile Include="adjacency list.c">
      <Filter>소스 파일</Filter>
    </ClCompile>
    <ClCompile Include="avlbst.c">
      <Filter>소스 파일</Filter>
    </ClCompile>
    <ClCompile Include="assignment.c">
      <Filter>소스 파일</Filter>
    </ClCompile>
    <ClCompile Include="AVL.c">
      <Filter>소스 파일\test</Filter>
    </ClCompile>
    <ClCompile Include="..\..\..\..\Downloads\treetraversal.c">
      <Filter>소스 파일\test</Filter>
    </ClCompile>
    <ClCompile Include="..\..\..\..\Downloads\arr_bt.c">
      <Filter>소스 파일\test</Filter>
    </ClCompile>
    <ClCompile Include="..\..\..\..\Downloads\BST1.c">
      <Filter>소스 파일\test</Filter>
    </ClCompile>
    <ClCompile Include="heap.c">
      <Filter>소스 파일\test</Filter>
    </ClCompile>
    <ClCompile Include="example.c">
      <Filter>소스 파일\test</Filter>
    </ClCompile>
    <ClCompile Include="Dfs.cpp">
      <Filter>소스 파일\c++</Filter>
    </ClCompile>
    <ClCompile Include="2023.cpp">
      <Filter>소스 파일\c++</Filter>
    </ClCompile>
    <ClCompile Include="LinkedList.cpp">
      <Filter>소스 파일\c++</Filter>
    </ClCompile>
    <ClCompile Include="Stack.cpp">
      <Filter>소스 파일\c++</Filter>
    </ClCompile>
    <ClCompile Include="Queue.cpp">
      <Filter>소스 파일\c++</Filter>
    </ClCompile>
    <ClCompile Include="Practice.cpp">
      <Filter>소스 파일\c++</Filter>
    </ClCompile>
    <ClCompile Include="tree.cpp">
      <Filter>소스 파일\c++</Filter>
    </ClCompile>
    <ClCompile Include="BST.cpp">
      <Filter>소스 파일\c++</Filter>
    </ClCompile>
  </ItemGroup>
</Project>